
Microsoft Visual Studio Solution File, Format Version 12.00
# Visual Studio Version 17
VisualStudioVersion = 17.5.33414.496
MinimumVisualStudioVersion = 10.0.40219.1
Project("{FAE04EC0-301F-11D3-BF4B-00C04F79EFBC}") = "modul9_1302213131", "modul9_1302213131\modul9_1302213131.csproj", "{300122E1-6397-4672-9D9D-90A96A4CCC12}"
EndProject
Global
	GlobalSection(SolutionConfigurationPlatforms) = preSolution
		Debug|Any CPU = Debug|Any CPU
		Release|Any CPU = Release|Any CPU
	EndGlobalSection
	GlobalSection(ProjectConfigurationPlatforms) = postSolution
		{300122E1-6397-4672-9D9D-90A96A4CCC12}.Debug|Any CPU.ActiveCfg = Debug|Any CPU
		{300122E1-6397-4672-9D9D-90A96A4CCC12}.Debug|Any CPU.Build.0 = Debug|Any CPU
		{300122E1-6397-4672-9D9D-90A96A4CCC12}.Release|Any CPU.ActiveCfg = Release|Any CPU
		{300122E1-6397-4672-9D9D-90A96A4CCC12}.Release|Any CPU.Build.0 = Release|Any CPU
	EndGlobalSection
	GlobalSection(SolutionProperties) = preSolution
		HideSolutionNode = FALSE
	EndGlobalSection
	GlobalSection(ExtensibilityGlobals) = postSolution
		SolutionGuid = {70D4B547-D829-4993-BA71-1288EC82B192}
	EndGlobalSection
EndGlobal
